<?xml version="1.0" encoding="utf-8"?>
<Project ToolsVersion="4.0" xmlns="http://schemas.microsoft.com/developer/msbuild/2003">
  <ItemGroup>
    <Filter Include="ソース ファイル">
      <UniqueIdentifier>{4FC737F1-C7A5-4376-A066-2A32D752A2FF}</UniqueIdentifier>
      <Extensions>cpp;c;cc;cxx;c++;cppm;ixx;def;odl;idl;hpj;bat;asm;asmx</Extensions>
    </Filter>
    <Filter Include="ヘッダー ファイル">
      <UniqueIdentifier>{93995380-89BD-4b04-88EB-625FBE52EBFB}</UniqueIdentifier>
      <Extensions>h;hh;hpp;hxx;h++;hm;inl;inc;ipp;xsd</Extensions>
    </Filter>
    <Filter Include="リソース ファイル">
      <UniqueIdentifier>{67DA6AB6-F800-4c08-8B7A-83BB121AAD01}</UniqueIdentifier>
      <Extensions>rc;ico;cur;bmp;dlg;rc2;rct;bin;rgs;gif;jpg;jpeg;jpe;resx;tiff;tif;png;wav;mfcribbon-ms</Extensions>
    </Filter>
    <Filter Include="リソース ファイル\Resources">
      <UniqueIdentifier>{3c76f1df-9e2d-4d9f-a254-72c7d63e1197}</UniqueIdentifier>
    </Filter>
    <Filter Include="リソース ファイル\Resources\3DModel">
      <UniqueIdentifier>{75d28c03-5bb8-4aa3-8da8-caf2cb7dda16}</UniqueIdentifier>
    </Filter>
    <Filter Include="リソース ファイル\Resources\Texture">
      <UniqueIdentifier>{afd4058f-97f7-4b7b-acf2-b6849dddd5f7}</UniqueIdentifier>
    </Filter>
    <Filter Include="リソース ファイル\Resources\Shader">
      <UniqueIdentifier>{34c94039-2e3c-438d-9542-607e5ff520c5}</UniqueIdentifier>
    </Filter>
    <Filter Include="リソース ファイル\Resources\Shader\PixelShader">
      <UniqueIdentifier>{8b1f3309-fc32-4e68-8763-40166c0457a7}</UniqueIdentifier>
    </Filter>
    <Filter Include="リソース ファイル\Resources\Shader\header">
      <UniqueIdentifier>{d1e5662c-49f6-4eef-88ea-e38afde2f6bd}</UniqueIdentifier>
    </Filter>
    <Filter Include="リソース ファイル\Resources\Shader\VertexShader">
      <UniqueIdentifier>{6a9f9b1d-ce9f-47b5-b1ae-bdd776d3be11}</UniqueIdentifier>
    </Filter>
    <Filter Include="ヘッダー ファイル\Cho">
      <UniqueIdentifier>{ae85be2c-ed9a-47b4-9627-298afc3d20d2}</UniqueIdentifier>
    </Filter>
    <Filter Include="ヘッダー ファイル\Cho\Engine">
      <UniqueIdentifier>{28ed2a25-5c90-4267-aad3-e4f98e7a63d2}</UniqueIdentifier>
    </Filter>
    <Filter Include="ヘッダー ファイル\Cho\Utility">
      <UniqueIdentifier>{6f81fa65-1edd-4e9d-a46c-ae64669c9902}</UniqueIdentifier>
    </Filter>
    <Filter Include="ヘッダー ファイル\Cho\Game">
      <UniqueIdentifier>{8633b6d3-ec34-44bb-91f0-0a30bfc30cd0}</UniqueIdentifier>
    </Filter>
    <Filter Include="ヘッダー ファイル\Cho\Game\Objects">
      <UniqueIdentifier>{a8a01f85-f953-406f-9ec3-a5d53cfade1f}</UniqueIdentifier>
    </Filter>
    <Filter Include="ヘッダー ファイル\Cho\Game\Scenes">
      <UniqueIdentifier>{747841a9-4bfb-44f0-bb06-d75074310e06}</UniqueIdentifier>
    </Filter>
    <Filter Include="ヘッダー ファイル\Cho\Engine\FileLoader">
      <UniqueIdentifier>{64e5a09e-9ed5-405c-ab78-3af6001eba7f}</UniqueIdentifier>
    </Filter>
    <Filter Include="ヘッダー ファイル\Cho\Engine\Scene">
      <UniqueIdentifier>{7a1af48a-eaa6-42d1-955e-63abf4be8951}</UniqueIdentifier>
    </Filter>
    <Filter Include="ヘッダー ファイル\Cho\Engine\Base">
      <UniqueIdentifier>{705fe5bd-0c2b-4f37-aa5d-9570e03795cf}</UniqueIdentifier>
    </Filter>
    <Filter Include="ヘッダー ファイル\Cho\Engine\Base\Manager">
      <UniqueIdentifier>{3f6c73ff-a8b2-4c3c-97b9-afd1637ce278}</UniqueIdentifier>
    </Filter>
    <Filter Include="ヘッダー ファイル\Cho\Engine\Graphics">
      <UniqueIdentifier>{c07bb077-777b-4759-95ae-f413ee26236b}</UniqueIdentifier>
    </Filter>
    <Filter Include="ソース ファイル\Cho">
      <UniqueIdentifier>{6051bb21-e9b5-4cea-ae14-89fbd4cd9011}</UniqueIdentifier>
    </Filter>
    <Filter Include="ソース ファイル\Cho\Engine">
      <UniqueIdentifier>{148f3601-5c3e-4fc0-81ea-36c0e435a4b9}</UniqueIdentifier>
    </Filter>
    <Filter Include="ソース ファイル\Cho\Utility">
      <UniqueIdentifier>{78839878-da5f-4054-9e40-39c9df4be17b}</UniqueIdentifier>
    </Filter>
    <Filter Include="ソース ファイル\Cho\Engine\Base">
      <UniqueIdentifier>{93b89b30-4b83-467c-adac-0cdd375b3e08}</UniqueIdentifier>
    </Filter>
    <Filter Include="ソース ファイル\Cho\Engine\Graphics">
      <UniqueIdentifier>{eb5d34e8-957d-4513-bb0f-903829a8a4bd}</UniqueIdentifier>
    </Filter>
    <Filter Include="ソース ファイル\Cho\Engine\Scene">
      <UniqueIdentifier>{349c919f-604d-4a69-a2e3-613ebf2ed888}</UniqueIdentifier>
    </Filter>
    <Filter Include="ソース ファイル\Cho\Engine\Base\Manager">
      <UniqueIdentifier>{0e1c7460-0bb7-4bfb-8156-6eeb02ff1536}</UniqueIdentifier>
    </Filter>
    <Filter Include="ソース ファイル\Cho\Engine\FileLoader">
      <UniqueIdentifier>{c9a4d407-6723-4245-8b9e-7d11d82de437}</UniqueIdentifier>
    </Filter>
    <Filter Include="ソース ファイル\Cho\Game">
      <UniqueIdentifier>{baff1994-31c5-493e-a29f-ea95922f577b}</UniqueIdentifier>
    </Filter>
    <Filter Include="ソース ファイル\Cho\Game\Objects">
      <UniqueIdentifier>{ad907366-a6b1-4865-9055-ac4665670398}</UniqueIdentifier>
    </Filter>
    <Filter Include="ソース ファイル\Cho\Game\Scenes">
      <UniqueIdentifier>{f3cd5ae0-afdd-48a7-a848-e8c170d48f51}</UniqueIdentifier>
    </Filter>
  </ItemGroup>
  <ItemGroup>
    <ClCompile Include="Cho\Main\Cho.cpp">
      <Filter>ソース ファイル</Filter>
    </ClCompile>
    <ClCompile Include="Cho\System\D3D12\D3DCommand\D3DCommand.cpp">
      <Filter>ソース ファイル</Filter>
    </ClCompile>
    <ClCompile Include="Cho\Utility\ConvertString\ConvertString.cpp">
      <Filter>ソース ファイル</Filter>
    </ClCompile>
    <ClCompile Include="Cho\System\WinApp\WinApp.cpp">
      <Filter>ソース ファイル</Filter>
    </ClCompile>
    <ClCompile Include="Cho\System\UI\ImGuiManager\ImGuiManager.cpp">
      <Filter>ソース ファイル</Filter>
    </ClCompile>
    <ClCompile Include="Cho\System\Scene\SceneManager\SceneManager.cpp">
      <Filter>ソース ファイル</Filter>
    </ClCompile>
    <ClCompile Include="Cho\System\Scene\SceneFactory\SceneFactory.cpp">
      <Filter>ソース ファイル</Filter>
    </ClCompile>
    <ClCompile Include="Cho\System\Scene\BaseScene\BaseScene.cpp">
      <Filter>ソース ファイル</Filter>
    </ClCompile>
    <ClCompile Include="Cho\System\PrecompiledHeader\PrecompiledHeader.cpp">
      <Filter>ソース ファイル</Filter>
    </ClCompile>
    <ClCompile Include="Cho\System\Load\TextureLoader\TextureLoader.cpp">
      <Filter>ソース ファイル</Filter>
    </ClCompile>
    <ClCompile Include="Cho\System\Load\ModelLoader\ModelLoader.cpp">
      <Filter>ソース ファイル</Filter>
    </ClCompile>
    <ClCompile Include="Cho\System\Graphics\PostProcessManager\PostProcessManager.cpp">
      <Filter>ソース ファイル</Filter>
    </ClCompile>
    <ClCompile Include="Cho\System\Graphics\Pipeline\Pipeline.cpp">
      <Filter>ソース ファイル</Filter>
    </ClCompile>
    <ClCompile Include="Cho\System\Graphics\GraphicsSystem\GraphicsSystem.cpp">
      <Filter>ソース ファイル</Filter>
    </ClCompile>
    <ClCompile Include="Cho\System\Generator\MeshGenerator\MeshGenerator.cpp">
      <Filter>ソース ファイル</Filter>
    </ClCompile>
    <ClCompile Include="Cho\System\FrameRate\FrameRate.cpp">
      <Filter>ソース ファイル</Filter>
    </ClCompile>
    <ClCompile Include="Cho\System\Editor\MainMenu\MainMenu.cpp">
      <Filter>ソース ファイル</Filter>
    </ClCompile>
    <ClCompile Include="Cho\System\Editor\FileView\FileView.cpp">
      <Filter>ソース ファイル</Filter>
    </ClCompile>
    <ClCompile Include="Cho\System\Editor\EditorManager\EditorManager.cpp">
      <Filter>ソース ファイル</Filter>
    </ClCompile>
    <ClCompile Include="Cho\System\ECS\System\SystemManager\SystemManager.cpp">
      <Filter>ソース ファイル</Filter>
    </ClCompile>
    <ClCompile Include="Cho\System\ECS\System\RenderSystem\RenderSystem.cpp">
      <Filter>ソース ファイル</Filter>
    </ClCompile>
    <ClCompile Include="Cho\System\ECS\System\PhysicsSystem\PhysicsSystem.cpp">
      <Filter>ソース ファイル</Filter>
    </ClCompile>
    <ClCompile Include="Cho\System\ECS\PrefabManager\PrefabManager.cpp">
      <Filter>ソース ファイル</Filter>
    </ClCompile>
    <ClCompile Include="Cho\System\ECS\GameObject\GameObject.cpp">
      <Filter>ソース ファイル</Filter>
    </ClCompile>
    <ClCompile Include="Cho\System\ECS\EntityManager\EntityManager.cpp">
      <Filter>ソース ファイル</Filter>
    </ClCompile>
    <ClCompile Include="Cho\System\ECS\ComponentManager\ComponentManager.cpp">
      <Filter>ソース ファイル</Filter>
    </ClCompile>
    <ClCompile Include="Cho\System\D3D12\ShaderCompiler\ShaderCompiler.cpp">
      <Filter>ソース ファイル</Filter>
    </ClCompile>
    <ClCompile Include="Cho\System\D3D12\RTVManager\RTVManager.cpp">
      <Filter>ソース ファイル</Filter>
    </ClCompile>
    <ClCompile Include="Cho\System\D3D12\ResourceViewManager\ResourceViewManager.cpp">
      <Filter>ソース ファイル</Filter>
    </ClCompile>
    <ClCompile Include="Cho\System\D3D12\ResourceLeakChecker\ResourceLeakChecker.cpp">
      <Filter>ソース ファイル</Filter>
    </ClCompile>
    <ClCompile Include="Cho\System\D3D12\DXGIFactory\DXGIFactory.cpp">
      <Filter>ソース ファイル</Filter>
    </ClCompile>
    <ClCompile Include="Cho\System\D3D12\DSVManager\DSVManager.cpp">
      <Filter>ソース ファイル</Filter>
    </ClCompile>
    <ClCompile Include="Cho\System\D3D12\DrawExecution\DrawExecution.cpp">
      <Filter>ソース ファイル</Filter>
    </ClCompile>
    <ClCompile Include="Cho\System\D3D12\D3DSwapChain\D3DSwapChain.cpp">
      <Filter>ソース ファイル</Filter>
    </ClCompile>
    <ClCompile Include="Cho\System\D3D12\D3DDevice\D3DDevice.cpp">
      <Filter>ソース ファイル</Filter>
    </ClCompile>
    <ClCompile Include="main.cpp">
      <Filter>ソース ファイル</Filter>
    </ClCompile>
    <ClCompile Include="Cho\System\Editor\SceneView\SceneView.cpp">
      <Filter>ソース ファイル</Filter>
    </ClCompile>
    <ClCompile Include="Cho\System\ECS\System\CameraSystem\CameraSystem.cpp">
      <Filter>ソース ファイル</Filter>
    </ClCompile>
    <ClCompile Include="Cho\System\StartSetting\StartSetting.cpp">
      <Filter>ソース ファイル</Filter>
    </ClCompile>
    <ClCompile Include="Cho\System\Load\JsonFileLoader\JsonFileLoader.cpp">
      <Filter>ソース ファイル</Filter>
    </ClCompile>
    <ClCompile Include="Cho\System\Editor\InfoView\InfoView.cpp">
      <Filter>ソース ファイル</Filter>
    </ClCompile>
    <ClCompile Include="Cho\System\Editor\ObjectsList\ObjectsList.cpp">
      <Filter>ソース ファイル</Filter>
    </ClCompile>
    <ClCompile Include="Cho\System\SystemState\SystemState.cpp">
      <Filter>ソース ファイル</Filter>
    </ClCompile>
    <ClCompile Include="Cho\System\Editor\PopupMenu\PopupMenu.cpp">
      <Filter>ソース ファイル</Filter>
    </ClCompile>
    <ClCompile Include="Cho\System\Generator\ScriptProject\ScriptProject.cpp">
      <Filter>ソース ファイル</Filter>
    </ClCompile>
    <ClCompile Include="Cho\System\Generator\GameProject\GameProject.cpp">
      <Filter>ソース ファイル</Filter>
    </ClCompile>
    <ClCompile Include="Cho\System\Scene\MainScene.cpp">
      <Filter>ソース ファイル</Filter>
    </ClCompile>
    <ClCompile Include="Cho\System\Editor\FileController\FileController.cpp">
      <Filter>ソース ファイル</Filter>
    </ClCompile>
    <ClCompile Include="Cho\System\ECS\System\ScriptSystem\ScriptSystem.cpp">
      <Filter>ソース ファイル</Filter>
    </ClCompile>
    <ClCompile Include="Cho\System\Script\ScriptManager\ScriptManager.cpp">
      <Filter>ソース ファイル</Filter>
    </ClCompile>
    <ClCompile Include="Cho\System\Script\IScript\IScript.cpp">
      <Filter>ソース ファイル</Filter>
    </ClCompile>
    <ClCompile Include="Cho\System\ECS\System\TransformSystem\TransformSystem.cpp">
      <Filter>ソース ファイル</Filter>
    </ClCompile>
    <ClCompile Include="Cho\System\Editor\ToolBar\ToolBar.cpp">
      <Filter>ソース ファイル</Filter>
    </ClCompile>
    <ClCompile Include="Cho\System\SaveManager\SaveManager.cpp">
      <Filter>ソース ファイル</Filter>
    </ClCompile>
    <ClCompile Include="Cho\System\Load\MeshLoader\MeshLoader.cpp">
      <Filter>ソース ファイル</Filter>
    </ClCompile>
    <ClCompile Include="Cho\System\Editor\DebugCamera\DebugCamera.cpp">
      <Filter>ソース ファイル</Filter>
    </ClCompile>
    <ClCompile Include="Cho\System\ECS\System\SpriteSystem\SpriteSystem.cpp">
      <Filter>ソース ファイル</Filter>
    </ClCompile>
    <ClCompile Include="Cho\System\ECS\System\MaterialSystem\MaterialSystem.cpp">
      <Filter>ソース ファイル</Filter>
    </ClCompile>
    <ClCompile Include="Cho\System\Input\InputManager.cpp">
      <Filter>ソース ファイル</Filter>
    </ClCompile>
    <ClCompile Include="Cho\System\Audio\AudioManager.cpp">
      <Filter>ソース ファイル</Filter>
    </ClCompile>
    <ClCompile Include="Cho\System\ECS\System\ParticleSystem\ParticleSystem.cpp">
      <Filter>ソース ファイル</Filter>
    </ClCompile>
    <ClCompile Include="Cho\System\ECS\System\EmitterSystem\EmitterSystem.cpp">
      <Filter>ソース ファイル</Filter>
    </ClCompile>
  </ItemGroup>
  <ItemGroup>
    <ClInclude Include="Cho\System\WinApp\WinApp.h">
      <Filter>ヘッダー ファイル</Filter>
    </ClInclude>
    <ClInclude Include="Cho\Main\Cho.h">
      <Filter>ヘッダー ファイル</Filter>
    </ClInclude>
    <ClInclude Include="Cho\System\UI\ImGuiManager\ImGuiManager.h">
      <Filter>ヘッダー ファイル</Filter>
    </ClInclude>
    <ClInclude Include="Cho\System\D3D12\ResourceLeakChecker\ResourceLeakChecker.h">
      <Filter>ヘッダー ファイル</Filter>
    </ClInclude>
    <ClInclude Include="Cho\System\D3D12\DXGIFactory\DXGIFactory.h">
      <Filter>ヘッダー ファイル</Filter>
    </ClInclude>
    <ClInclude Include="Cho\System\D3D12\D3DDevice\D3DDevice.h">
      <Filter>ヘッダー ファイル</Filter>
    </ClInclude>
    <ClInclude Include="Cho\System\PrecompiledHeader\PrecompiledHeader.h">
      <Filter>ヘッダー ファイル</Filter>
    </ClInclude>
    <ClInclude Include="Cho\Utility\ConvertString\ConvertString.h">
      <Filter>ヘッダー ファイル</Filter>
    </ClInclude>
    <ClInclude Include="Cho\System\D3D12\D3DCommand\D3DCommand.h">
      <Filter>ヘッダー ファイル</Filter>
    </ClInclude>
    <ClInclude Include="Cho\System\D3D12\D3DSwapChain\D3DSwapChain.h">
      <Filter>ヘッダー ファイル</Filter>
    </ClInclude>
    <ClInclude Include="Cho\System\D3D12\DrawExecution\DrawExecution.h">
      <Filter>ヘッダー ファイル</Filter>
    </ClInclude>
    <ClInclude Include="Cho\System\D3D12\DSVManager\DSVManager.h">
      <Filter>ヘッダー ファイル</Filter>
    </ClInclude>
    <ClInclude Include="Cho\System\D3D12\RTVManager\RTVManager.h">
      <Filter>ヘッダー ファイル</Filter>
    </ClInclude>
    <ClInclude Include="Cho\System\D3D12\ResourceViewManager\ResourceViewManager.h">
      <Filter>ヘッダー ファイル</Filter>
    </ClInclude>
    <ClInclude Include="Cho\System\Graphics\PostProcessManager\PostProcessManager.h">
      <Filter>ヘッダー ファイル</Filter>
    </ClInclude>
    <ClInclude Include="Cho\System\Graphics\Pipeline\Pipeline.h">
      <Filter>ヘッダー ファイル</Filter>
    </ClInclude>
    <ClInclude Include="Cho\System\D3D12\ShaderCompiler\ShaderCompiler.h">
      <Filter>ヘッダー ファイル</Filter>
    </ClInclude>
    <ClInclude Include="Cho\System\Scene\SceneManager\SceneManager.h">
      <Filter>ヘッダー ファイル</Filter>
    </ClInclude>
    <ClInclude Include="Cho\System\Scene\SceneFactory\AbstractSceneFactory.h">
      <Filter>ヘッダー ファイル</Filter>
    </ClInclude>
    <ClInclude Include="Cho\System\Scene\BaseScene\BaseScene.h">
      <Filter>ヘッダー ファイル</Filter>
    </ClInclude>
    <ClInclude Include="Cho\System\Scene\SceneFactory\SceneFactory.h">
      <Filter>ヘッダー ファイル</Filter>
    </ClInclude>
    <ClInclude Include="Cho\System\Editor\MainMenu\MainMenu.h">
      <Filter>ヘッダー ファイル</Filter>
    </ClInclude>
    <ClInclude Include="Cho\System\Editor\EditorManager\EditorManager.h">
      <Filter>ヘッダー ファイル</Filter>
    </ClInclude>
    <ClInclude Include="Cho\System\Editor\FileView\FileView.h">
      <Filter>ヘッダー ファイル</Filter>
    </ClInclude>
    <ClInclude Include="Cho\System\FrameRate\FrameRate.h">
      <Filter>ヘッダー ファイル</Filter>
    </ClInclude>
    <ClInclude Include="Cho\System\Graphics\GraphicsSystem\GraphicsSystem.h">
      <Filter>ヘッダー ファイル</Filter>
    </ClInclude>
    <ClInclude Include="Cho\System\Generator\MeshGenerator\MeshGenerator.h">
      <Filter>ヘッダー ファイル</Filter>
    </ClInclude>
    <ClInclude Include="Cho\System\Load\TextureLoader\TextureLoader.h">
      <Filter>ヘッダー ファイル</Filter>
    </ClInclude>
    <ClInclude Include="Cho\System\Load\ModelLoader\ModelLoader.h">
      <Filter>ヘッダー ファイル</Filter>
    </ClInclude>
    <ClInclude Include="Cho\Utility\BlendMode.h">
      <Filter>ヘッダー ファイル</Filter>
    </ClInclude>
    <ClInclude Include="Cho\System\ECS\GameObject\GameObject.h">
      <Filter>ヘッダー ファイル</Filter>
    </ClInclude>
    <ClInclude Include="Cho\System\ECS\EntityManager\EntityManager.h">
      <Filter>ヘッダー ファイル</Filter>
    </ClInclude>
    <ClInclude Include="Cho\System\ECS\ComponentManager\ComponentManager.h">
      <Filter>ヘッダー ファイル</Filter>
    </ClInclude>
    <ClInclude Include="Cho\System\ECS\ComponentManager\Components\Components.h">
      <Filter>ヘッダー ファイル</Filter>
    </ClInclude>
    <ClInclude Include="Cho\System\ECS\System\PhysicsSystem\PhysicsSystem.h">
      <Filter>ヘッダー ファイル</Filter>
    </ClInclude>
    <ClInclude Include="Cho\System\ECS\System\SystemManager\SystemManager.h">
      <Filter>ヘッダー ファイル</Filter>
    </ClInclude>
    <ClInclude Include="Cho\System\ECS\System\RenderSystem\RenderSystem.h">
      <Filter>ヘッダー ファイル</Filter>
    </ClInclude>
    <ClInclude Include="Cho\System\ECS\PrefabManager\PrefabManager.h">
      <Filter>ヘッダー ファイル</Filter>
    </ClInclude>
    <ClInclude Include="Cho\System\Editor\SceneView\SceneView.h">
      <Filter>ヘッダー ファイル</Filter>
    </ClInclude>
    <ClInclude Include="Cho\System\ECS\System\CameraSystem\CameraSystem.h">
      <Filter>ヘッダー ファイル</Filter>
    </ClInclude>
    <ClInclude Include="Cho\System\StartSetting\StartSetting.h">
      <Filter>ヘッダー ファイル</Filter>
    </ClInclude>
    <ClInclude Include="Cho\System\Load\JsonFileLoader\JsonFileLoader.h">
      <Filter>ヘッダー ファイル</Filter>
    </ClInclude>
    <ClInclude Include="Cho\System\Editor\InfoView\InfoView.h">
      <Filter>ヘッダー ファイル</Filter>
    </ClInclude>
    <ClInclude Include="Cho\System\Editor\ObjectsList\ObjectsList.h">
      <Filter>ヘッダー ファイル</Filter>
    </ClInclude>
    <ClInclude Include="Cho\System\SystemState\SystemState.h">
      <Filter>ヘッダー ファイル</Filter>
    </ClInclude>
    <ClInclude Include="Cho\System\Editor\PopupMenu\PopupMenu.h">
      <Filter>ヘッダー ファイル</Filter>
    </ClInclude>
    <ClInclude Include="Cho\System\ECS\ComponentManager\Components\MaterialComponent\MaterialComponent.h">
      <Filter>ヘッダー ファイル</Filter>
    </ClInclude>
    <ClInclude Include="Cho\System\ECS\ComponentManager\Components\CameraComponent\CameraComponent.h">
      <Filter>ヘッダー ファイル</Filter>
    </ClInclude>
    <ClInclude Include="Cho\System\ECS\ComponentManager\Components\MeshComponent\MeshComponenth.h">
      <Filter>ヘッダー ファイル</Filter>
    </ClInclude>
    <ClInclude Include="Cho\System\ECS\ComponentManager\Components\PhysicsComponent\PhysicsComponent.h">
      <Filter>ヘッダー ファイル</Filter>
    </ClInclude>
    <ClInclude Include="Cho\System\ECS\ComponentManager\Components\RenderComponent\RenderComponent.h">
      <Filter>ヘッダー ファイル</Filter>
    </ClInclude>
    <ClInclude Include="Cho\System\ECS\ComponentManager\Components\TransformComponent\TransformComponent.h">
      <Filter>ヘッダー ファイル</Filter>
    </ClInclude>
    <ClInclude Include="Cho\System\ECS\ComponentManager\Components\ScriptComponent\ScriptComponent.h">
      <Filter>ヘッダー ファイル</Filter>
    </ClInclude>
    <ClInclude Include="Cho\System\Generator\ScriptProject\ScriptProject.h">
      <Filter>ヘッダー ファイル</Filter>
    </ClInclude>
    <ClInclude Include="Cho\System\Generator\GameProject\GameProject.h">
      <Filter>ヘッダー ファイル</Filter>
    </ClInclude>
    <ClInclude Include="Cho\System\Scene\MainScene.h">
      <Filter>ヘッダー ファイル</Filter>
    </ClInclude>
    <ClInclude Include="Cho\System\Editor\FileController\FileController.h">
      <Filter>ヘッダー ファイル</Filter>
    </ClInclude>
    <ClInclude Include="Cho\System\ECS\System\ScriptSystem\ScriptSystem.h">
      <Filter>ヘッダー ファイル</Filter>
    </ClInclude>
    <ClInclude Include="Cho\System\Script\ScriptManager\ScriptManager.h">
      <Filter>ヘッダー ファイル</Filter>
    </ClInclude>
    <ClInclude Include="Cho\System\Script\IScript\IScript.h">
      <Filter>ヘッダー ファイル</Filter>
    </ClInclude>
    <ClInclude Include="Cho\Utility\EngineSystemHeader\ChoEngine.h">
      <Filter>ヘッダー ファイル</Filter>
    </ClInclude>
    <ClInclude Include="Cho\Utility\Base\Color.h">
      <Filter>ヘッダー ファイル</Filter>
    </ClInclude>
    <ClInclude Include="Cho\System\ECS\System\TransformSystem\TransformSystem.h">
      <Filter>ヘッダー ファイル</Filter>
    </ClInclude>
    <ClInclude Include="Cho\System\Script\ScriptStatus.h">
      <Filter>ヘッダー ファイル</Filter>
    </ClInclude>
    <ClInclude Include="Cho\Utility\ObjectType\ObjectType.h">
      <Filter>ヘッダー ファイル</Filter>
    </ClInclude>
    <ClInclude Include="Cho\System\Editor\ToolBar\ToolBar.h">
      <Filter>ヘッダー ファイル</Filter>
    </ClInclude>
    <ClInclude Include="Cho\System\SaveManager\SaveManager.h">
      <Filter>ヘッダー ファイル</Filter>
    </ClInclude>
    <ClInclude Include="Cho\System\ConstantData\ModelData.h">
      <Filter>ヘッダー ファイル</Filter>
    </ClInclude>
    <ClInclude Include="Cho\System\ConstantData\MeshData.h">
      <Filter>ヘッダー ファイル</Filter>
    </ClInclude>
    <ClInclude Include="Cho\System\ConstantData\AnimationData.h">
      <Filter>ヘッダー ファイル</Filter>
    </ClInclude>
    <ClInclude Include="Cho\System\Load\MeshLoader\MeshLoader.h">
      <Filter>ヘッダー ファイル</Filter>
    </ClInclude>
    <ClInclude Include="Cho\System\Editor\DebugCamera\DebugCamera.h">
      <Filter>ヘッダー ファイル</Filter>
    </ClInclude>
    <ClInclude Include="Cho\System\ConstantData\SpriteData.h">
      <Filter>ヘッダー ファイル</Filter>
    </ClInclude>
    <ClInclude Include="Cho\System\ConstantData\WorldTransform.h">
      <Filter>ヘッダー ファイル</Filter>
    </ClInclude>
    <ClInclude Include="Cho\System\ConstantData\ViewProjection.h">
      <Filter>ヘッダー ファイル</Filter>
    </ClInclude>
    <ClInclude Include="Cho\System\ECS\ComponentManager\Components\SpriteComponent\SpriteComponent.h">
      <Filter>ヘッダー ファイル</Filter>
    </ClInclude>
    <ClInclude Include="Cho\System\ECS\System\SpriteSystem\SpriteSystem.h">
      <Filter>ヘッダー ファイル</Filter>
    </ClInclude>
    <ClInclude Include="Cho\System\ConstantData\MaterialData.h">
      <Filter>ヘッダー ファイル</Filter>
    </ClInclude>
    <ClInclude Include="Cho\System\ECS\System\MaterialSystem\MaterialSystem.h">
      <Filter>ヘッダー ファイル</Filter>
    </ClInclude>
    <ClInclude Include="Cho\System\Input\InputManager.h">
      <Filter>ヘッダー ファイル</Filter>
    </ClInclude>
    <ClInclude Include="Cho\System\Audio\AudioManager.h">
      <Filter>ヘッダー ファイル</Filter>
    </ClInclude>
    <ClInclude Include="Cho\System\ECS\ComponentManager\Components\ParticleComponent\ParticleComponent.h">
      <Filter>ヘッダー ファイル</Filter>
    </ClInclude>
    <ClInclude Include="Cho\System\ConstantData\ParticleData.h">
      <Filter>ヘッダー ファイル</Filter>
    </ClInclude>
    <ClInclude Include="Cho\System\ECS\ComponentManager\Components\EmitterComponent\EmitterComponent.h">
      <Filter>ヘッダー ファイル</Filter>
    </ClInclude>
    <ClInclude Include="Cho\System\ConstantData\EmitterData.h">
      <Filter>ヘッダー ファイル</Filter>
    </ClInclude>
    <ClInclude Include="Cho\System\ECS\System\ParticleSystem\ParticleSystem.h">
      <Filter>ヘッダー ファイル</Filter>
    </ClInclude>
    <ClInclude Include="Cho\System\ECS\System\EmitterSystem\EmitterSystem.h">
      <Filter>ヘッダー ファイル</Filter>
    </ClInclude>
  </ItemGroup>
  <ItemGroup>
    <FxCompile Include="Cho\Resources\Shader\DemoOBJ.PS.hlsl" />
    <FxCompile Include="Cho\Resources\Shader\DemoOBJ.VS.hlsl" />
    <FxCompile Include="Cho\Resources\Shader\FullScreen.VS.hlsl" />
    <FxCompile Include="Cho\Resources\Shader\FullScreen.PS.hlsl" />
    <FxCompile Include="Cho\Resources\Shader\Sprite.VS.hlsl" />
    <FxCompile Include="Cho\Resources\Shader\Sprite.PS.hlsl" />
    <FxCompile Include="Cho\Resources\Shader\Particle.VS.hlsl" />
    <FxCompile Include="Cho\Resources\Shader\Particle.PS.hlsl" />
    <FxCompile Include="Cho\Resources\Shader\EmitParticle.CS.hlsl" />
    <FxCompile Include="Cho\Resources\Shader\UpdateParticle.CS.hlsl" />
    <FxCompile Include="Cho\Resources\Shader\InitParticle.CS.hlsl" />
  </ItemGroup>
  <ItemGroup>
    <None Include="Cho\Resources\Shader\header\Demo.hlsli" />
    <None Include="Cho\Resources\Shader\header\FullScreen.hlsli" />
    <None Include="Cho\Resources\ImGuiStyle\style.json" />
    <None Include="Cho\Resources\Shader\header\Sprite.hlsli" />
    <None Include="Cho\Resources\Shader\header\Particle.hlsli" />
    <None Include="Cho\Resources\Shader\header\Random.hlsli" />
    <None Include="Cho\Resources\Shader\header\ViewProjection.hlsli" />
  </ItemGroup>
  <ItemGroup>
    <Image Include="Cho\Resources\Texture\uvChecker.png">
      <Filter>リソース ファイル</Filter>
    </Image>
  </ItemGroup>
</Project>